// !$*UTF8*$!
{
	archiveVersion = 1;
	classes = {
	};
	objectVersion = 51;
	objects = {

/* Begin PBXBuildFile section */
		4831F49E3EE49A83884E771E /* Pods_Bouncer_2.framework in Frameworks */ = {isa = PBXBuildFile; fileRef = 85BE44790CB4D287ED638D68 /* Pods_Bouncer_2.framework */; };
		75900808264F2ED000257F6D /* BouncerUser.swift in Sources */ = {isa = PBXBuildFile; fileRef = 75900807264F2ED000257F6D /* BouncerUser.swift */; };
		7590080A264F3C5B00257F6D /* BouncerUserViewController.swift in Sources */ = {isa = PBXBuildFile; fileRef = 75900809264F3C5B00257F6D /* BouncerUserViewController.swift */; };
		7590080D264F3DB700257F6D /* BouncerUsers.swift in Sources */ = {isa = PBXBuildFile; fileRef = 7590080C264F3DB700257F6D /* BouncerUsers.swift */; };
		75900811264F630900257F6D /* PartyViewController.swift in Sources */ = {isa = PBXBuildFile; fileRef = 75900810264F630800257F6D /* PartyViewController.swift */; };
		75A6F09E264B825D00096214 /* AppDelegate.swift in Sources */ = {isa = PBXBuildFile; fileRef = 75A6F09D264B825D00096214 /* AppDelegate.swift */; };
		75A6F0A0264B825D00096214 /* SceneDelegate.swift in Sources */ = {isa = PBXBuildFile; fileRef = 75A6F09F264B825D00096214 /* SceneDelegate.swift */; };
		75A6F0A2264B825D00096214 /* LoginViewController.swift in Sources */ = {isa = PBXBuildFile; fileRef = 75A6F0A1264B825D00096214 /* LoginViewController.swift */; };
		75A6F0A5264B825D00096214 /* Main.storyboard in Resources */ = {isa = PBXBuildFile; fileRef = 75A6F0A3264B825D00096214 /* Main.storyboard */; };
		75A6F0A7264B826E00096214 /* Assets.xcassets in Resources */ = {isa = PBXBuildFile; fileRef = 75A6F0A6264B826E00096214 /* Assets.xcassets */; };
		75A6F0AA264B826E00096214 /* LaunchScreen.storyboard in Resources */ = {isa = PBXBuildFile; fileRef = 75A6F0A8264B826E00096214 /* LaunchScreen.storyboard */; };
		75A6F0B2264B83E700096214 /* GoogleService-Info.plist in Resources */ = {isa = PBXBuildFile; fileRef = 75A6F0B1264B83E700096214 /* GoogleService-Info.plist */; };
		75E61847264C968A00CD8117 /* RestaurantViewController.swift in Sources */ = {isa = PBXBuildFile; fileRef = 75E61846264C968A00CD8117 /* RestaurantViewController.swift */; };
		75E61849264C9F0700CD8117 /* Restaurant.swift in Sources */ = {isa = PBXBuildFile; fileRef = 75E61848264C9F0700CD8117 /* Restaurant.swift */; };
		75E6184B264C9F3200CD8117 /* Restaurants.swift in Sources */ = {isa = PBXBuildFile; fileRef = 75E6184A264C9F3200CD8117 /* Restaurants.swift */; };
		75E6184D264C9FA100CD8117 /* RestaurantDetailViewController.swift in Sources */ = {isa = PBXBuildFile; fileRef = 75E6184C264C9FA100CD8117 /* RestaurantDetailViewController.swift */; };
		75E6184F264CA2F200CD8117 /* RestaurantTableViewCell.swift in Sources */ = {isa = PBXBuildFile; fileRef = 75E6184E264CA2F200CD8117 /* RestaurantTableViewCell.swift */; };
/* End PBXBuildFile section */

/* Begin PBXFileReference section */
		29A52389AD809F1DD6968A79 /* Pods-Bouncer-2.release.xcconfig */ = {isa = PBXFileReference; includeInIndex = 1; lastKnownFileType = text.xcconfig; name = "Pods-Bouncer-2.release.xcconfig"; path = "Target Support Files/Pods-Bouncer-2/Pods-Bouncer-2.release.xcconfig"; sourceTree = "<group>"; };
		387284F53FC191FC9500756C /* Pods-Bouncer-2.debug.xcconfig */ = {isa = PBXFileReference; includeInIndex = 1; lastKnownFileType = text.xcconfig; name = "Pods-Bouncer-2.debug.xcconfig"; path = "Target Support Files/Pods-Bouncer-2/Pods-Bouncer-2.debug.xcconfig"; sourceTree = "<group>"; };
		75900807264F2ED000257F6D /* BouncerUser.swift */ = {isa = PBXFileReference; lastKnownFileType = sourcecode.swift; path = BouncerUser.swift; sourceTree = "<group>"; };
		75900809264F3C5B00257F6D /* BouncerUserViewController.swift */ = {isa = PBXFileReference; lastKnownFileType = sourcecode.swift; path = BouncerUserViewController.swift; sourceTree = "<group>"; };
		7590080C264F3DB700257F6D /* BouncerUsers.swift */ = {isa = PBXFileReference; lastKnownFileType = sourcecode.swift; path = BouncerUsers.swift; sourceTree = "<group>"; };
		75900810264F630800257F6D /* PartyViewController.swift */ = {isa = PBXFileReference; lastKnownFileType = sourcecode.swift; path = PartyViewController.swift; sourceTree = "<group>"; };
		75A6F09A264B825D00096214 /* Bouncer-2.app */ = {isa = PBXFileReference; explicitFileType = wrapper.application; includeInIndex = 0; path = "Bouncer-2.app"; sourceTree = BUILT_PRODUCTS_DIR; };
		75A6F09D264B825D00096214 /* AppDelegate.swift */ = {isa = PBXFileReference; lastKnownFileType = sourcecode.swift; path = AppDelegate.swift; sourceTree = "<group>"; };
		75A6F09F264B825D00096214 /* SceneDelegate.swift */ = {isa = PBXFileReference; lastKnownFileType = sourcecode.swift; path = SceneDelegate.swift; sourceTree = "<group>"; };
		75A6F0A1264B825D00096214 /* LoginViewController.swift */ = {isa = PBXFileReference; lastKnownFileType = sourcecode.swift; path = LoginViewController.swift; sourceTree = "<group>"; };
		75A6F0A4264B825D00096214 /* Base */ = {isa = PBXFileReference; lastKnownFileType = file.storyboard; name = Base; path = Base.lproj/Main.storyboard; sourceTree = "<group>"; };
		75A6F0A6264B826E00096214 /* Assets.xcassets */ = {isa = PBXFileReference; lastKnownFileType = folder.assetcatalog; path = Assets.xcassets; sourceTree = "<group>"; };
		75A6F0A9264B826E00096214 /* Base */ = {isa = PBXFileReference; lastKnownFileType = file.storyboard; name = Base; path = Base.lproj/LaunchScreen.storyboard; sourceTree = "<group>"; };
		75A6F0AB264B826E00096214 /* Info.plist */ = {isa = PBXFileReference; lastKnownFileType = text.plist.xml; path = Info.plist; sourceTree = "<group>"; };
		75A6F0B1264B83E700096214 /* GoogleService-Info.plist */ = {isa = PBXFileReference; fileEncoding = 4; lastKnownFileType = text.plist.xml; path = "GoogleService-Info.plist"; sourceTree = "<group>"; };
		75E61846264C968A00CD8117 /* RestaurantViewController.swift */ = {isa = PBXFileReference; lastKnownFileType = sourcecode.swift; path = RestaurantViewController.swift; sourceTree = "<group>"; };
		75E61848264C9F0700CD8117 /* Restaurant.swift */ = {isa = PBXFileReference; lastKnownFileType = sourcecode.swift; path = Restaurant.swift; sourceTree = "<group>"; };
		75E6184A264C9F3200CD8117 /* Restaurants.swift */ = {isa = PBXFileReference; lastKnownFileType = sourcecode.swift; path = Restaurants.swift; sourceTree = "<group>"; };
		75E6184C264C9FA100CD8117 /* RestaurantDetailViewController.swift */ = {isa = PBXFileReference; lastKnownFileType = sourcecode.swift; path = RestaurantDetailViewController.swift; sourceTree = "<group>"; };
		75E6184E264CA2F200CD8117 /* RestaurantTableViewCell.swift */ = {isa = PBXFileReference; lastKnownFileType = sourcecode.swift; path = RestaurantTableViewCell.swift; sourceTree = "<group>"; };
		85BE44790CB4D287ED638D68 /* Pods_Bouncer_2.framework */ = {isa = PBXFileReference; explicitFileType = wrapper.framework; includeInIndex = 0; path = Pods_Bouncer_2.framework; sourceTree = BUILT_PRODUCTS_DIR; };
/* End PBXFileReference section */

/* Begin PBXFrameworksBuildPhase section */
		75A6F097264B825D00096214 /* Frameworks */ = {
			isa = PBXFrameworksBuildPhase;
			buildActionMask = 2147483647;
			files = (
				4831F49E3EE49A83884E771E /* Pods_Bouncer_2.framework in Frameworks */,
			);
			runOnlyForDeploymentPostprocessing = 0;
		};
/* End PBXFrameworksBuildPhase section */

/* Begin PBXGroup section */
		7590080B264F3C7300257F6D /* User */ = {
			isa = PBXGroup;
			children = (
				75900807264F2ED000257F6D /* BouncerUser.swift */,
				7590080C264F3DB700257F6D /* BouncerUsers.swift */,
				75900809264F3C5B00257F6D /* BouncerUserViewController.swift */,
			);
			name = User;
			path = ..;
			sourceTree = "<group>";
		};
		7590080F264F62C500257F6D /* Parties */ = {
			isa = PBXGroup;
			children = (
				75900810264F630800257F6D /* PartyViewController.swift */,
			);
			path = Parties;
			sourceTree = "<group>";
		};
		75A6F091264B825D00096214 = {
			isa = PBXGroup;
			children = (
				75A6F09C264B825D00096214 /* Bouncer-2 */,
				75A6F09B264B825D00096214 /* Products */,
				E125A8728F0E4A5947D8B8F5 /* Pods */,
				A3433AEB1FF8D23C5EA6386F /* Frameworks */,
			);
			sourceTree = "<group>";
		};
		75A6F09B264B825D00096214 /* Products */ = {
			isa = PBXGroup;
			children = (
				75A6F09A264B825D00096214 /* Bouncer-2.app */,
			);
			name = Products;
			sourceTree = "<group>";
		};
		75A6F09C264B825D00096214 /* Bouncer-2 */ = {
			isa = PBXGroup;
			children = (
				75A6F09D264B825D00096214 /* AppDelegate.swift */,
				75A6F09F264B825D00096214 /* SceneDelegate.swift */,
				75A6F0A1264B825D00096214 /* LoginViewController.swift */,
				7590080F264F62C500257F6D /* Parties */,
				7590080B264F3C7300257F6D /* User */,
				75E61845264C964700CD8117 /* Restaurants */,
				75A6F0A3264B825D00096214 /* Main.storyboard */,
				75A6F0A6264B826E00096214 /* Assets.xcassets */,
				75A6F0A8264B826E00096214 /* LaunchScreen.storyboard */,
				75A6F0AB264B826E00096214 /* Info.plist */,
				75A6F0B1264B83E700096214 /* GoogleService-Info.plist */,
			);
			path = "Bouncer-2";
			sourceTree = "<group>";
		};
		75E61845264C964700CD8117 /* Restaurants */ = {
			isa = PBXGroup;
			children = (
				75E61848264C9F0700CD8117 /* Restaurant.swift */,
				75E6184A264C9F3200CD8117 /* Restaurants.swift */,
				75E61846264C968A00CD8117 /* RestaurantViewController.swift */,
				75E6184E264CA2F200CD8117 /* RestaurantTableViewCell.swift */,
				75E6184C264C9FA100CD8117 /* RestaurantDetailViewController.swift */,
			);
			path = Restaurants;
			sourceTree = "<group>";
		};
		A3433AEB1FF8D23C5EA6386F /* Frameworks */ = {
			isa = PBXGroup;
			children = (
				85BE44790CB4D287ED638D68 /* Pods_Bouncer_2.framework */,
			);
			name = Frameworks;
			sourceTree = "<group>";
		};
		E125A8728F0E4A5947D8B8F5 /* Pods */ = {
			isa = PBXGroup;
			children = (
				387284F53FC191FC9500756C /* Pods-Bouncer-2.debug.xcconfig */,
				29A52389AD809F1DD6968A79 /* Pods-Bouncer-2.release.xcconfig */,
			);
			path = Pods;
			sourceTree = "<group>";
		};
/* End PBXGroup section */

/* Begin PBXNativeTarget section */
		75A6F099264B825D00096214 /* Bouncer-2 */ = {
			isa = PBXNativeTarget;
			buildConfigurationList = 75A6F0AE264B826E00096214 /* Build configuration list for PBXNativeTarget "Bouncer-2" */;
			buildPhases = (
				21011864AA4458365064DBFB /* [CP] Check Pods Manifest.lock */,
				75A6F096264B825D00096214 /* Sources */,
				75A6F097264B825D00096214 /* Frameworks */,
				75A6F098264B825D00096214 /* Resources */,
				2CC69C145925650AB92BDA9A /* [CP] Embed Pods Frameworks */,
				127EE6A9FC142C15DF42A94D /* [CP] Copy Pods Resources */,
			);
			buildRules = (
			);
			dependencies = (
			);
			name = "Bouncer-2";
			productName = "Bouncer-2";
			productReference = 75A6F09A264B825D00096214 /* Bouncer-2.app */;
			productType = "com.apple.product-type.application";
		};
/* End PBXNativeTarget section */

/* Begin PBXProject section */
		75A6F092264B825D00096214 /* Project object */ = {
			isa = PBXProject;
			attributes = {
				LastSwiftUpdateCheck = 1250;
				LastUpgradeCheck = 1250;
				TargetAttributes = {
					75A6F099264B825D00096214 = {
						CreatedOnToolsVersion = 12.5;
					};
				};
			};
			buildConfigurationList = 75A6F095264B825D00096214 /* Build configuration list for PBXProject "Bouncer-2" */;
			compatibilityVersion = "Xcode 9.3";
			developmentRegion = en;
			hasScannedForEncodings = 0;
			knownRegions = (
				en,
				Base,
			);
			mainGroup = 75A6F091264B825D00096214;
			productRefGroup = 75A6F09B264B825D00096214 /* Products */;
			projectDirPath = "";
			projectRoot = "";
			targets = (
				75A6F099264B825D00096214 /* Bouncer-2 */,
			);
		};
/* End PBXProject section */

/* Begin PBXResourcesBuildPhase section */
		75A6F098264B825D00096214 /* Resources */ = {
			isa = PBXResourcesBuildPhase;
			buildActionMask = 2147483647;
			files = (
				75A6F0AA264B826E00096214 /* LaunchScreen.storyboard in Resources */,
				75A6F0B2264B83E700096214 /* GoogleService-Info.plist in Resources */,
				75A6F0A7264B826E00096214 /* Assets.xcassets in Resources */,
				75A6F0A5264B825D00096214 /* Main.storyboard in Resources */,
			);
			runOnlyForDeploymentPostprocessing = 0;
		};
/* End PBXResourcesBuildPhase section */

/* Begin PBXShellScriptBuildPhase section */
		127EE6A9FC142C15DF42A94D /* [CP] Copy Pods Resources */ = {
			isa = PBXShellScriptBuildPhase;
			buildActionMask = 2147483647;
			files = (
			);
			inputFileListPaths = (
				"${PODS_ROOT}/Target Support Files/Pods-Bouncer-2/Pods-Bouncer-2-resources-${CONFIGURATION}-input-files.xcfilelist",
			);
			name = "[CP] Copy Pods Resources";
			outputFileListPaths = (
				"${PODS_ROOT}/Target Support Files/Pods-Bouncer-2/Pods-Bouncer-2-resources-${CONFIGURATION}-output-files.xcfilelist",
			);
			runOnlyForDeploymentPostprocessing = 0;
			shellPath = /bin/sh;
			shellScript = "\"${PODS_ROOT}/Target Support Files/Pods-Bouncer-2/Pods-Bouncer-2-resources.sh\"\n";
			showEnvVarsInLog = 0;
		};
		21011864AA4458365064DBFB /* [CP] Check Pods Manifest.lock */ = {
			isa = PBXShellScriptBuildPhase;
			buildActionMask = 2147483647;
			files = (
			);
			inputFileListPaths = (
			);
			inputPaths = (
				"${PODS_PODFILE_DIR_PATH}/Podfile.lock",
				"${PODS_ROOT}/Manifest.lock",
			);
			name = "[CP] Check Pods Manifest.lock";
			outputFileListPaths = (
			);
			outputPaths = (
				"$(DERIVED_FILE_DIR)/Pods-Bouncer-2-checkManifestLockResult.txt",
			);
			runOnlyForDeploymentPostprocessing = 0;
			shellPath = /bin/sh;
			shellScript = "diff \"${PODS_PODFILE_DIR_PATH}/Podfile.lock\" \"${PODS_ROOT}/Manifest.lock\" > /dev/null\nif [ $? != 0 ] ; then\n    # print error to STDERR\n    echo \"error: The sandbox is not in sync with the Podfile.lock. Run 'pod install' or update your CocoaPods installation.\" >&2\n    exit 1\nfi\n# This output is used by Xcode 'outputs' to avoid re-running this script phase.\necho \"SUCCESS\" > \"${SCRIPT_OUTPUT_FILE_0}\"\n";
			showEnvVarsInLog = 0;
		};
		2CC69C145925650AB92BDA9A /* [CP] Embed Pods Frameworks */ = {
			isa = PBXShellScriptBuildPhase;
			buildActionMask = 2147483647;
			files = (
			);
			inputFileListPaths = (
				"${PODS_ROOT}/Target Support Files/Pods-Bouncer-2/Pods-Bouncer-2-frameworks-${CONFIGURATION}-input-files.xcfilelist",
			);
			name = "[CP] Embed Pods Frameworks";
			outputFileListPaths = (
				"${PODS_ROOT}/Target Support Files/Pods-Bouncer-2/Pods-Bouncer-2-frameworks-${CONFIGURATION}-output-files.xcfilelist",
			);
			runOnlyForDeploymentPostprocessing = 0;
			shellPath = /bin/sh;
			shellScript = "\"${PODS_ROOT}/Target Support Files/Pods-Bouncer-2/Pods-Bouncer-2-frameworks.sh\"\n";
			showEnvVarsInLog = 0;
		};
/* End PBXShellScriptBuildPhase section */

/* Begin PBXSourcesBuildPhase section */
		75A6F096264B825D00096214 /* Sources */ = {
			isa = PBXSourcesBuildPhase;
			buildActionMask = 2147483647;
			files = (
				75E61849264C9F0700CD8117 /* Restaurant.swift in Sources */,
				75A6F0A2264B825D00096214 /* LoginViewController.swift in Sources */,
				7590080D264F3DB700257F6D /* BouncerUsers.swift in Sources */,
				75E61847264C968A00CD8117 /* RestaurantViewController.swift in Sources */,
				75A6F09E264B825D00096214 /* AppDelegate.swift in Sources */,
				7590080A264F3C5B00257F6D /* BouncerUserViewController.swift in Sources */,
				75E6184F264CA2F200CD8117 /* RestaurantTableViewCell.swift in Sources */,
				75900811264F630900257F6D /* PartyViewController.swift in Sources */,
				75E6184B264C9F3200CD8117 /* Restaurants.swift in Sources */,
				75E6184D264C9FA100CD8117 /* RestaurantDetailViewController.swift in Sources */,
				75A6F0A0264B825D00096214 /* SceneDelegate.swift in Sources */,
				75900808264F2ED000257F6D /* BouncerUser.swift in Sources */,
			);
			runOnlyForDeploymentPostprocessing = 0;
		};
/* End PBXSourcesBuildPhase section */

/* Begin PBXVariantGroup section */
		75A6F0A3264B825D00096214 /* Main.storyboard */ = {
			isa = PBXVariantGroup;
			children = (
				75A6F0A4264B825D00096214 /* Base */,
			);
			name = Main.storyboard;
			sourceTree = "<group>";
		};
		75A6F0A8264B826E00096214 /* LaunchScreen.storyboard */ = {
			isa = PBXVariantGroup;
			children = (
				75A6F0A9264B826E00096214 /* Base */,
			);
			name = LaunchScreen.storyboard;
			sourceTree = "<group>";
		};
/* End PBXVariantGroup section */

/* Begin XCBuildConfiguration section */
		75A6F0AC264B826E00096214 /* Debug */ = {
			isa = XCBuildConfiguration;
			buildSettings = {
				ALWAYS_SEARCH_USER_PATHS = NO;
				CLANG_ANALYZER_NONNULL = YES;
				CLANG_ANALYZER_NUMBER_OBJECT_CONVERSION = YES_AGGRESSIVE;
				CLANG_CXX_LANGUAGE_STANDARD = "gnu++14";
				CLANG_CXX_LIBRARY = "libc++";
				CLANG_ENABLE_MODULES = YES;
				CLANG_ENABLE_OBJC_ARC = YES;
				CLANG_ENABLE_OBJC_WEAK = YES;
				CLANG_WARN_BLOCK_CAPTURE_AUTORELEASING = YES;
				CLANG_WARN_BOOL_CONVERSION = YES;
				CLANG_WARN_COMMA = YES;
				CLANG_WARN_CONSTANT_CONVERSION = YES;
				CLANG_WARN_DEPRECATED_OBJC_IMPLEMENTATIONS = YES;
				CLANG_WARN_DIRECT_OBJC_ISA_USAGE = YES_ERROR;
				CLANG_WARN_DOCUMENTATION_COMMENTS = YES;
				CLANG_WARN_EMPTY_BODY = YES;
				CLANG_WARN_ENUM_CONVERSION = YES;
				CLANG_WARN_INFINITE_RECURSION = YES;
				CLANG_WARN_INT_CONVERSION = YES;
				CLANG_WARN_NON_LITERAL_NULL_CONVERSION = YES;
				CLANG_WARN_OBJC_IMPLICIT_RETAIN_SELF = YES;
				CLANG_WARN_OBJC_LITERAL_CONVERSION = YES;
				CLANG_WARN_OBJC_ROOT_CLASS = YES_ERROR;
				CLANG_WARN_QUOTED_INCLUDE_IN_FRAMEWORK_HEADER = YES;
				CLANG_WARN_RANGE_LOOP_ANALYSIS = YES;
				CLANG_WARN_STRICT_PROTOTYPES = YES;
				CLANG_WARN_SUSPICIOUS_MOVE = YES;
				CLANG_WARN_UNGUARDED_AVAILABILITY = YES_AGGRESSIVE;
				CLANG_WARN_UNREACHABLE_CODE = YES;
				CLANG_WARN__DUPLICATE_METHOD_MATCH = YES;
				COPY_PHASE_STRIP = NO;
				DEBUG_INFORMATION_FORMAT = dwarf;
				ENABLE_STRICT_OBJC_MSGSEND = YES;
				ENABLE_TESTABILITY = YES;
				GCC_C_LANGUAGE_STANDARD = gnu11;
				GCC_DYNAMIC_NO_PIC = NO;
				GCC_NO_COMMON_BLOCKS = YES;
				GCC_OPTIMIZATION_LEVEL = 0;
				GCC_PREPROCESSOR_DEFINITIONS = (
					"DEBUG=1",
					"$(inherited)",
				);
				GCC_WARN_64_TO_32_BIT_CONVERSION = YES;
				GCC_WARN_ABOUT_RETURN_TYPE = YES_ERROR;
				GCC_WARN_UNDECLARED_SELECTOR = YES;
				GCC_WARN_UNINITIALIZED_AUTOS = YES_AGGRESSIVE;
				GCC_WARN_UNUSED_FUNCTION = YES;
				GCC_WARN_UNUSED_VARIABLE = YES;
				IPHONEOS_DEPLOYMENT_TARGET = 14.5;
				MTL_ENABLE_DEBUG_INFO = INCLUDE_SOURCE;
				MTL_FAST_MATH = YES;
				ONLY_ACTIVE_ARCH = YES;
				SDKROOT = iphoneos;
				SWIFT_ACTIVE_COMPILATION_CONDITIONS = DEBUG;
				SWIFT_OPTIMIZATION_LEVEL = "-Onone";
			};
			name = Debug;
		};
		75A6F0AD264B826E00096214 /* Release */ = {
			isa = XCBuildConfiguration;
			buildSettings = {
				ALWAYS_SEARCH_USER_PATHS = NO;
				CLANG_ANALYZER_NONNULL = YES;
				CLANG_ANALYZER_NUMBER_OBJECT_CONVERSION = YES_AGGRESSIVE;
				CLANG_CXX_LANGUAGE_STANDARD = "gnu++14";
				CLANG_CXX_LIBRARY = "libc++";
				CLANG_ENABLE_MODULES = YES;
				CLANG_ENABLE_OBJC_ARC = YES;
				CLANG_ENABLE_OBJC_WEAK = YES;
				CLANG_WARN_BLOCK_CAPTURE_AUTORELEASING = YES;
				CLANG_WARN_BOOL_CONVERSION = YES;
				CLANG_WARN_COMMA = YES;
				CLANG_WARN_CONSTANT_CONVERSION = YES;
				CLANG_WARN_DEPRECATED_OBJC_IMPLEMENTATIONS = YES;
				CLANG_WARN_DIRECT_OBJC_ISA_USAGE = YES_ERROR;
				CLANG_WARN_DOCUMENTATION_COMMENTS = YES;
				CLANG_WARN_EMPTY_BODY = YES;
				CLANG_WARN_ENUM_CONVERSION = YES;
				CLANG_WARN_INFINITE_RECURSION = YES;
				CLANG_WARN_INT_CONVERSION = YES;
				CLANG_WARN_NON_LITERAL_NULL_CONVERSION = YES;
				CLANG_WARN_OBJC_IMPLICIT_RETAIN_SELF = YES;
				CLANG_WARN_OBJC_LITERAL_CONVERSION = YES;
				CLANG_WARN_OBJC_ROOT_CLASS = YES_ERROR;
				CLANG_WARN_QUOTED_INCLUDE_IN_FRAMEWORK_HEADER = YES;
				CLANG_WARN_RANGE_LOOP_ANALYSIS = YES;
				CLANG_WARN_STRICT_PROTOTYPES = YES;
				CLANG_WARN_SUSPICIOUS_MOVE = YES;
				CLANG_WARN_UNGUARDED_AVAILABILITY = YES_AGGRESSIVE;
				CLANG_WARN_UNREACHABLE_CODE = YES;
				CLANG_WARN__DUPLICATE_METHOD_MATCH = YES;
				COPY_PHASE_STRIP = NO;
				DEBUG_INFORMATION_FORMAT = "dwarf-with-dsym";
				ENABLE_NS_ASSERTIONS = NO;
				ENABLE_STRICT_OBJC_MSGSEND = YES;
				GCC_C_LANGUAGE_STANDARD = gnu11;
				GCC_NO_COMMON_BLOCKS = YES;
				GCC_WARN_64_TO_32_BIT_CONVERSION = YES;
				GCC_WARN_ABOUT_RETURN_TYPE = YES_ERROR;
				GCC_WARN_UNDECLARED_SELECTOR = YES;
				GCC_WARN_UNINITIALIZED_AUTOS = YES_AGGRESSIVE;
				GCC_WARN_UNUSED_FUNCTION = YES;
				GCC_WARN_UNUSED_VARIABLE = YES;
				IPHONEOS_DEPLOYMENT_TARGET = 14.5;
				MTL_ENABLE_DEBUG_INFO = NO;
				MTL_FAST_MATH = YES;
				SDKROOT = iphoneos;
				SWIFT_COMPILATION_MODE = wholemodule;
				SWIFT_OPTIMIZATION_LEVEL = "-O";
				VALIDATE_PRODUCT = YES;
			};
			name = Release;
		};
		75A6F0AF264B826E00096214 /* Debug */ = {
			isa = XCBuildConfiguration;
			baseConfigurationReference = 387284F53FC191FC9500756C /* Pods-Bouncer-2.debug.xcconfig */;
			buildSettings = {
				ASSETCATALOG_COMPILER_APPICON_NAME = AppIcon;
				ASSETCATALOG_COMPILER_GLOBAL_ACCENT_COLOR_NAME = AccentColor;
				CODE_SIGN_STYLE = Automatic;
				DEVELOPMENT_TEAM = 67U6KLP9X6;
				INFOPLIST_FILE = "Bouncer-2/Info.plist";
				LD_RUNPATH_SEARCH_PATHS = (
					"$(inherited)",
					"@executable_path/Frameworks",
				);
				PRODUCT_BUNDLE_IDENTIFIER = "com.wilson.Bouncer-2";
				PRODUCT_NAME = "$(TARGET_NAME)";
				SWIFT_VERSION = 5.0;
				TARGETED_DEVICE_FAMILY = "1,2";
			};
			name = Debug;
		};
		75A6F0B0264B826E00096214 /* Release */ = {
			isa = XCBuildConfiguration;
			baseConfigurationReference = 29A52389AD809F1DD6968A79 /* Pods-Bouncer-2.release.xcconfig */;
			buildSettings = {
				ASSETCATALOG_COMPILER_APPICON_NAME = AppIcon;
				ASSETCATALOG_COMPILER_GLOBAL_ACCENT_COLOR_NAME = AccentColor;
				CODE_SIGN_STYLE = Automatic;
				DEVELOPMENT_TEAM = 67U6KLP9X6;
				INFOPLIST_FILE = "Bouncer-2/Info.plist";
				LD_RUNPATH_SEARCH_PATHS = (
					"$(inherited)",
					"@executable_path/Frameworks",
				);
				PRODUCT_BUNDLE_IDENTIFIER = "com.wilson.Bouncer-2";
				PRODUCT_NAME = "$(TARGET_NAME)";
				SWIFT_VERSION = 5.0;
				TARGETED_DEVICE_FAMILY = "1,2";
			};
			name = Release;
		};
/* End XCBuildConfiguration section */

/* Begin XCConfigurationList section */
		75A6F095264B825D00096214 /* Build configuration list for PBXProject "Bouncer-2" */ = {
			isa = XCConfigurationList;
			buildConfigurations = (
				75A6F0AC264B826E00096214 /* Debug */,
				75A6F0AD264B826E00096214 /* Release */,
			);
			defaultConfigurationIsVisible = 0;
			defaultConfigurationName = Release;
		};
		75A6F0AE264B826E00096214 /* Build configuration list for PBXNativeTarget "Bouncer-2" */ = {
			isa = XCConfigurationList;
			buildConfigurations = (
				75A6F0AF264B826E00096214 /* Debug */,
				75A6F0B0264B826E00096214 /* Release */,
			);
			defaultConfigurationIsVisible = 0;
			defaultConfigurationName = Release;
		};
/* End XCConfigurationList section */
	};
	rootObject = 75A6F092264B825D00096214 /* Project object */;
}
